// !$*UTF8*$!
{
	archiveVersion = 1;
	classes = {
	};
	objectVersion = 56;
	objects = {

/* Begin PBXBuildFile section */
		8E904CC12A5BF5EB009423EA /* CameraView.swift in Sources */ = {isa = PBXBuildFile; fileRef = 8E904CC02A5BF5EB009423EA /* CameraView.swift */; };
		BD732E7B2A58022100C5C860 /* colorblendApp.swift in Sources */ = {isa = PBXBuildFile; fileRef = BD732E7A2A58022100C5C860 /* colorblendApp.swift */; };
		BD732E7D2A58022100C5C860 /* ContentView.swift in Sources */ = {isa = PBXBuildFile; fileRef = BD732E7C2A58022100C5C860 /* ContentView.swift */; };
		BD732E7F2A58022200C5C860 /* Assets.xcassets in Resources */ = {isa = PBXBuildFile; fileRef = BD732E7E2A58022200C5C860 /* Assets.xcassets */; };
		BD732E822A58022200C5C860 /* Preview Assets.xcassets in Resources */ = {isa = PBXBuildFile; fileRef = BD732E812A58022200C5C860 /* Preview Assets.xcassets */; };
		DA96783A2A691FF8001F66A7 /* ColorPicker.swift in Sources */ = {isa = PBXBuildFile; fileRef = DA9678392A691FF8001F66A7 /* ColorPicker.swift */; };
		DA96783C2A692050001F66A7 /* ColorPickerView.swift in Sources */ = {isa = PBXBuildFile; fileRef = DA96783B2A692050001F66A7 /* ColorPickerView.swift */; };
		DA96783E2A6922D6001F66A7 /* MainScreenView.swift in Sources */ = {isa = PBXBuildFile; fileRef = DA96783D2A6922D6001F66A7 /* MainScreenView.swift */; };
		DA96F4802A6D8BF80049C843 /* CardView.swift in Sources */ = {isa = PBXBuildFile; fileRef = DA96F47F2A6D8BF80049C843 /* CardView.swift */; };
		DA96F4822A6EC32E0049C843 /* SnapCarousel.swift in Sources */ = {isa = PBXBuildFile; fileRef = DA96F4812A6EC32E0049C843 /* SnapCarousel.swift */; };
		DA96F4842A6EC35C0049C843 /* Home.swift in Sources */ = {isa = PBXBuildFile; fileRef = DA96F4832A6EC35C0049C843 /* Home.swift */; };
		DA96F4862A6EC3AB0049C843 /* Post.swift in Sources */ = {isa = PBXBuildFile; fileRef = DA96F4852A6EC3AB0049C843 /* Post.swift */; };
		DA96F4892A6ED2220049C843 /* LabelforColors.mlmodel in Sources */ = {isa = PBXBuildFile; fileRef = DA96F4882A6ED2220049C843 /* LabelforColors.mlmodel */; };
		DACEB2FF2A5BFD1C00F917E5 /* ColorRecommendationView.swift in Sources */ = {isa = PBXBuildFile; fileRef = DACEB2FE2A5BFD1C00F917E5 /* ColorRecommendationView.swift */; };
		DACEB30C2A5D5B6200F917E5 /* ColorData.swift in Sources */ = {isa = PBXBuildFile; fileRef = DACEB30B2A5D5B6200F917E5 /* ColorData.swift */; };
		DACEB30E2A5D5C4100F917E5 /* ColorModel.swift in Sources */ = {isa = PBXBuildFile; fileRef = DACEB30D2A5D5C4100F917E5 /* ColorModel.swift */; };
/* End PBXBuildFile section */

/* Begin PBXFileReference section */
		8E904CC02A5BF5EB009423EA /* CameraView.swift */ = {isa = PBXFileReference; lastKnownFileType = sourcecode.swift; path = CameraView.swift; sourceTree = "<group>"; };
		BD732E772A58022100C5C860 /* colorblend.app */ = {isa = PBXFileReference; explicitFileType = wrapper.application; includeInIndex = 0; path = colorblend.app; sourceTree = BUILT_PRODUCTS_DIR; };
		BD732E7A2A58022100C5C860 /* colorblendApp.swift */ = {isa = PBXFileReference; lastKnownFileType = sourcecode.swift; path = colorblendApp.swift; sourceTree = "<group>"; };
		BD732E7C2A58022100C5C860 /* ContentView.swift */ = {isa = PBXFileReference; lastKnownFileType = sourcecode.swift; path = ContentView.swift; sourceTree = "<group>"; };
		BD732E7E2A58022200C5C860 /* Assets.xcassets */ = {isa = PBXFileReference; lastKnownFileType = folder.assetcatalog; path = Assets.xcassets; sourceTree = "<group>"; };
		BD732E812A58022200C5C860 /* Preview Assets.xcassets */ = {isa = PBXFileReference; lastKnownFileType = folder.assetcatalog; path = "Preview Assets.xcassets"; sourceTree = "<group>"; };
		DA9678392A691FF8001F66A7 /* ColorPicker.swift */ = {isa = PBXFileReference; lastKnownFileType = sourcecode.swift; path = ColorPicker.swift; sourceTree = "<group>"; };
		DA96783B2A692050001F66A7 /* ColorPickerView.swift */ = {isa = PBXFileReference; lastKnownFileType = sourcecode.swift; path = ColorPickerView.swift; sourceTree = "<group>"; };
		DA96783D2A6922D6001F66A7 /* MainScreenView.swift */ = {isa = PBXFileReference; lastKnownFileType = sourcecode.swift; path = MainScreenView.swift; sourceTree = "<group>"; };
		DA96F47F2A6D8BF80049C843 /* CardView.swift */ = {isa = PBXFileReference; lastKnownFileType = sourcecode.swift; path = CardView.swift; sourceTree = "<group>"; };
		DA96F4812A6EC32E0049C843 /* SnapCarousel.swift */ = {isa = PBXFileReference; lastKnownFileType = sourcecode.swift; path = SnapCarousel.swift; sourceTree = "<group>"; };
		DA96F4832A6EC35C0049C843 /* Home.swift */ = {isa = PBXFileReference; lastKnownFileType = sourcecode.swift; path = Home.swift; sourceTree = "<group>"; };
		DA96F4852A6EC3AB0049C843 /* Post.swift */ = {isa = PBXFileReference; lastKnownFileType = sourcecode.swift; path = Post.swift; sourceTree = "<group>"; };
		DA96F4882A6ED2220049C843 /* LabelforColors.mlmodel */ = {isa = PBXFileReference; lastKnownFileType = file.mlmodel; path = LabelforColors.mlmodel; sourceTree = "<group>"; };
		DACEB2FD2A5BFA4100F917E5 /* Info.plist */ = {isa = PBXFileReference; lastKnownFileType = text.plist; path = Info.plist; sourceTree = "<group>"; };
		DACEB2FE2A5BFD1C00F917E5 /* ColorRecommendationView.swift */ = {isa = PBXFileReference; lastKnownFileType = sourcecode.swift; path = ColorRecommendationView.swift; sourceTree = "<group>"; };
		DACEB30B2A5D5B6200F917E5 /* ColorData.swift */ = {isa = PBXFileReference; lastKnownFileType = sourcecode.swift; path = ColorData.swift; sourceTree = "<group>"; };
		DACEB30D2A5D5C4100F917E5 /* ColorModel.swift */ = {isa = PBXFileReference; lastKnownFileType = sourcecode.swift; path = ColorModel.swift; sourceTree = "<group>"; };
/* End PBXFileReference section */

/* Begin PBXFrameworksBuildPhase section */
		BD732E742A58022100C5C860 /* Frameworks */ = {
			isa = PBXFrameworksBuildPhase;
			buildActionMask = 2147483647;
			files = (
			);
			runOnlyForDeploymentPostprocessing = 0;
		};
/* End PBXFrameworksBuildPhase section */

/* Begin PBXGroup section */
		BD732E6E2A58022100C5C860 = {
			isa = PBXGroup;
			children = (
				BD732E792A58022100C5C860 /* colorblend */,
				BD732E782A58022100C5C860 /* Products */,
			);
			sourceTree = "<group>";
		};
		BD732E782A58022100C5C860 /* Products */ = {
			isa = PBXGroup;
			children = (
				BD732E772A58022100C5C860 /* colorblend.app */,
			);
			name = Products;
			sourceTree = "<group>";
		};
		BD732E792A58022100C5C860 /* colorblend */ = {
			isa = PBXGroup;
			children = (
				DACEB3082A5C106A00F917E5 /* View */,
				DACEB3052A5C0F1F00F917E5 /* viewModel */,
				DACEB3022A5C0E5600F917E5 /* Model */,
				DACEB2FD2A5BFA4100F917E5 /* Info.plist */,
				BD732E7A2A58022100C5C860 /* colorblendApp.swift */,
				BD732E7C2A58022100C5C860 /* ContentView.swift */,
				8E904CC02A5BF5EB009423EA /* CameraView.swift */,
				BD732E7E2A58022200C5C860 /* Assets.xcassets */,
				BD732E802A58022200C5C860 /* Preview Content */,
			);
			path = colorblend;
			sourceTree = "<group>";
		};
		BD732E802A58022200C5C860 /* Preview Content */ = {
			isa = PBXGroup;
			children = (
				BD732E812A58022200C5C860 /* Preview Assets.xcassets */,
			);
			path = "Preview Content";
			sourceTree = "<group>";
		};
		DACEB3022A5C0E5600F917E5 /* Model */ = {
			isa = PBXGroup;
			children = (
				DA96F4882A6ED2220049C843 /* LabelforColors.mlmodel */,
				DACEB30D2A5D5C4100F917E5 /* ColorModel.swift */,
			);
			path = Model;
			sourceTree = "<group>";
		};
		DACEB3052A5C0F1F00F917E5 /* viewModel */ = {
			isa = PBXGroup;
			children = (
				DA96F4812A6EC32E0049C843 /* SnapCarousel.swift */,
				DACEB30B2A5D5B6200F917E5 /* ColorData.swift */,
				DA9678392A691FF8001F66A7 /* ColorPicker.swift */,
				DA96F4852A6EC3AB0049C843 /* Post.swift */,
			);
			path = viewModel;
			sourceTree = "<group>";
		};
		DACEB3082A5C106A00F917E5 /* View */ = {
			isa = PBXGroup;
			children = (
				DA96783B2A692050001F66A7 /* ColorPickerView.swift */,
				DACEB2FE2A5BFD1C00F917E5 /* ColorRecommendationView.swift */,
				DA96783D2A6922D6001F66A7 /* MainScreenView.swift */,
				DA96F47F2A6D8BF80049C843 /* CardView.swift */,
				DA96F4832A6EC35C0049C843 /* Home.swift */,
			);
			path = View;
			sourceTree = "<group>";
		};
/* End PBXGroup section */

/* Begin PBXNativeTarget section */
		BD732E762A58022100C5C860 /* colorblend */ = {
			isa = PBXNativeTarget;
			buildConfigurationList = BD732E852A58022200C5C860 /* Build configuration list for PBXNativeTarget "colorblend" */;
			buildPhases = (
				BD732E732A58022100C5C860 /* Sources */,
				BD732E742A58022100C5C860 /* Frameworks */,
				BD732E752A58022100C5C860 /* Resources */,
			);
			buildRules = (
			);
			dependencies = (
			);
			name = colorblend;
			productName = colorblend;
			productReference = BD732E772A58022100C5C860 /* colorblend.app */;
			productType = "com.apple.product-type.application";
		};
/* End PBXNativeTarget section */

/* Begin PBXProject section */
		BD732E6F2A58022100C5C860 /* Project object */ = {
			isa = PBXProject;
			attributes = {
				BuildIndependentTargetsInParallel = 1;
				LastSwiftUpdateCheck = 1430;
				LastUpgradeCheck = 1430;
				TargetAttributes = {
					BD732E762A58022100C5C860 = {
						CreatedOnToolsVersion = 14.3.1;
					};
				};
			};
			buildConfigurationList = BD732E722A58022100C5C860 /* Build configuration list for PBXProject "colorblend" */;
			compatibilityVersion = "Xcode 14.0";
			developmentRegion = en;
			hasScannedForEncodings = 0;
			knownRegions = (
				en,
				Base,
			);
			mainGroup = BD732E6E2A58022100C5C860;
			productRefGroup = BD732E782A58022100C5C860 /* Products */;
			projectDirPath = "";
			projectRoot = "";
			targets = (
				BD732E762A58022100C5C860 /* colorblend */,
			);
		};
/* End PBXProject section */

/* Begin PBXResourcesBuildPhase section */
		BD732E752A58022100C5C860 /* Resources */ = {
			isa = PBXResourcesBuildPhase;
			buildActionMask = 2147483647;
			files = (
				BD732E822A58022200C5C860 /* Preview Assets.xcassets in Resources */,
				BD732E7F2A58022200C5C860 /* Assets.xcassets in Resources */,
			);
			runOnlyForDeploymentPostprocessing = 0;
		};
/* End PBXResourcesBuildPhase section */

/* Begin PBXSourcesBuildPhase section */
		BD732E732A58022100C5C860 /* Sources */ = {
			isa = PBXSourcesBuildPhase;
			buildActionMask = 2147483647;
			files = (
				8E904CC12A5BF5EB009423EA /* CameraView.swift in Sources */,
				DACEB30E2A5D5C4100F917E5 /* ColorModel.swift in Sources */,
				BD732E7D2A58022100C5C860 /* ContentView.swift in Sources */,
				DACEB30C2A5D5B6200F917E5 /* ColorData.swift in Sources */,
				DA96F4862A6EC3AB0049C843 /* Post.swift in Sources */,
				DA96783C2A692050001F66A7 /* ColorPickerView.swift in Sources */,
				DA96F4842A6EC35C0049C843 /* Home.swift in Sources */,
				DA96783E2A6922D6001F66A7 /* MainScreenView.swift in Sources */,
				DA96F4892A6ED2220049C843 /* LabelforColors.mlmodel in Sources */,
				DA96783A2A691FF8001F66A7 /* ColorPicker.swift in Sources */,
				BD732E7B2A58022100C5C860 /* colorblendApp.swift in Sources */,
				DA96F4822A6EC32E0049C843 /* SnapCarousel.swift in Sources */,
				DA96F4802A6D8BF80049C843 /* CardView.swift in Sources */,
				DACEB2FF2A5BFD1C00F917E5 /* ColorRecommendationView.swift in Sources */,
			);
			runOnlyForDeploymentPostprocessing = 0;
		};
/* End PBXSourcesBuildPhase section */

/* Begin XCBuildConfiguration section */
		BD732E832A58022200C5C860 /* Debug */ = {
			isa = XCBuildConfiguration;
			buildSettings = {
				ALWAYS_SEARCH_USER_PATHS = NO;
				CLANG_ANALYZER_NONNULL = YES;
				CLANG_ANALYZER_NUMBER_OBJECT_CONVERSION = YES_AGGRESSIVE;
				CLANG_CXX_LANGUAGE_STANDARD = "gnu++20";
				CLANG_ENABLE_MODULES = YES;
				CLANG_ENABLE_OBJC_ARC = YES;
				CLANG_ENABLE_OBJC_WEAK = YES;
				CLANG_WARN_BLOCK_CAPTURE_AUTORELEASING = YES;
				CLANG_WARN_BOOL_CONVERSION = YES;
				CLANG_WARN_COMMA = YES;
				CLANG_WARN_CONSTANT_CONVERSION = YES;
				CLANG_WARN_DEPRECATED_OBJC_IMPLEMENTATIONS = YES;
				CLANG_WARN_DIRECT_OBJC_ISA_USAGE = YES_ERROR;
				CLANG_WARN_DOCUMENTATION_COMMENTS = YES;
				CLANG_WARN_EMPTY_BODY = YES;
				CLANG_WARN_ENUM_CONVERSION = YES;
				CLANG_WARN_INFINITE_RECURSION = YES;
				CLANG_WARN_INT_CONVERSION = YES;
				CLANG_WARN_NON_LITERAL_NULL_CONVERSION = YES;
				CLANG_WARN_OBJC_IMPLICIT_RETAIN_SELF = YES;
				CLANG_WARN_OBJC_LITERAL_CONVERSION = YES;
				CLANG_WARN_OBJC_ROOT_CLASS = YES_ERROR;
				CLANG_WARN_QUOTED_INCLUDE_IN_FRAMEWORK_HEADER = YES;
				CLANG_WARN_RANGE_LOOP_ANALYSIS = YES;
				CLANG_WARN_STRICT_PROTOTYPES = YES;
				CLANG_WARN_SUSPICIOUS_MOVE = YES;
				CLANG_WARN_UNGUARDED_AVAILABILITY = YES_AGGRESSIVE;
				CLANG_WARN_UNREACHABLE_CODE = YES;
				CLANG_WARN__DUPLICATE_METHOD_MATCH = YES;
				COPY_PHASE_STRIP = NO;
				DEBUG_INFORMATION_FORMAT = dwarf;
				ENABLE_STRICT_OBJC_MSGSEND = YES;
				ENABLE_TESTABILITY = YES;
				GCC_C_LANGUAGE_STANDARD = gnu11;
				GCC_DYNAMIC_NO_PIC = NO;
				GCC_NO_COMMON_BLOCKS = YES;
				GCC_OPTIMIZATION_LEVEL = 0;
				GCC_PREPROCESSOR_DEFINITIONS = (
					"DEBUG=1",
					"$(inherited)",
				);
				GCC_WARN_64_TO_32_BIT_CONVERSION = YES;
				GCC_WARN_ABOUT_RETURN_TYPE = YES_ERROR;
				GCC_WARN_UNDECLARED_SELECTOR = YES;
				GCC_WARN_UNINITIALIZED_AUTOS = YES_AGGRESSIVE;
				GCC_WARN_UNUSED_FUNCTION = YES;
				GCC_WARN_UNUSED_VARIABLE = YES;
				IPHONEOS_DEPLOYMENT_TARGET = 16.4;
				MTL_ENABLE_DEBUG_INFO = INCLUDE_SOURCE;
				MTL_FAST_MATH = YES;
				ONLY_ACTIVE_ARCH = YES;
				SDKROOT = iphoneos;
				SWIFT_ACTIVE_COMPILATION_CONDITIONS = DEBUG;
				SWIFT_OPTIMIZATION_LEVEL = "-Onone";
			};
			name = Debug;
		};
		BD732E842A58022200C5C860 /* Release */ = {
			isa = XCBuildConfiguration;
			buildSettings = {
				ALWAYS_SEARCH_USER_PATHS = NO;
				CLANG_ANALYZER_NONNULL = YES;
				CLANG_ANALYZER_NUMBER_OBJECT_CONVERSION = YES_AGGRESSIVE;
				CLANG_CXX_LANGUAGE_STANDARD = "gnu++20";
				CLANG_ENABLE_MODULES = YES;
				CLANG_ENABLE_OBJC_ARC = YES;
				CLANG_ENABLE_OBJC_WEAK = YES;
				CLANG_WARN_BLOCK_CAPTURE_AUTORELEASING = YES;
				CLANG_WARN_BOOL_CONVERSION = YES;
				CLANG_WARN_COMMA = YES;
				CLANG_WARN_CONSTANT_CONVERSION = YES;
				CLANG_WARN_DEPRECATED_OBJC_IMPLEMENTATIONS = YES;
				CLANG_WARN_DIRECT_OBJC_ISA_USAGE = YES_ERROR;
				CLANG_WARN_DOCUMENTATION_COMMENTS = YES;
				CLANG_WARN_EMPTY_BODY = YES;
				CLANG_WARN_ENUM_CONVERSION = YES;
				CLANG_WARN_INFINITE_RECURSION = YES;
				CLANG_WARN_INT_CONVERSION = YES;
				CLANG_WARN_NON_LITERAL_NULL_CONVERSION = YES;
				CLANG_WARN_OBJC_IMPLICIT_RETAIN_SELF = YES;
				CLANG_WARN_OBJC_LITERAL_CONVERSION = YES;
				CLANG_WARN_OBJC_ROOT_CLASS = YES_ERROR;
				CLANG_WARN_QUOTED_INCLUDE_IN_FRAMEWORK_HEADER = YES;
				CLANG_WARN_RANGE_LOOP_ANALYSIS = YES;
				CLANG_WARN_STRICT_PROTOTYPES = YES;
				CLANG_WARN_SUSPICIOUS_MOVE = YES;
				CLANG_WARN_UNGUARDED_AVAILABILITY = YES_AGGRESSIVE;
				CLANG_WARN_UNREACHABLE_CODE = YES;
				CLANG_WARN__DUPLICATE_METHOD_MATCH = YES;
				COPY_PHASE_STRIP = NO;
				DEBUG_INFORMATION_FORMAT = "dwarf-with-dsym";
				ENABLE_NS_ASSERTIONS = NO;
				ENABLE_STRICT_OBJC_MSGSEND = YES;
				GCC_C_LANGUAGE_STANDARD = gnu11;
				GCC_NO_COMMON_BLOCKS = YES;
				GCC_WARN_64_TO_32_BIT_CONVERSION = YES;
				GCC_WARN_ABOUT_RETURN_TYPE = YES_ERROR;
				GCC_WARN_UNDECLARED_SELECTOR = YES;
				GCC_WARN_UNINITIALIZED_AUTOS = YES_AGGRESSIVE;
				GCC_WARN_UNUSED_FUNCTION = YES;
				GCC_WARN_UNUSED_VARIABLE = YES;
				IPHONEOS_DEPLOYMENT_TARGET = 16.4;
				MTL_ENABLE_DEBUG_INFO = NO;
				MTL_FAST_MATH = YES;
				SDKROOT = iphoneos;
				SWIFT_COMPILATION_MODE = wholemodule;
				SWIFT_OPTIMIZATION_LEVEL = "-O";
				VALIDATE_PRODUCT = YES;
			};
			name = Release;
		};
		BD732E862A58022200C5C860 /* Debug */ = {
			isa = XCBuildConfiguration;
			buildSettings = {
				ASSETCATALOG_COMPILER_APPICON_NAME = AppIcon;
				ASSETCATALOG_COMPILER_GLOBAL_ACCENT_COLOR_NAME = AccentColor;
				CODE_SIGN_STYLE = Automatic;
				CURRENT_PROJECT_VERSION = 1;
				DEVELOPMENT_ASSET_PATHS = "\"colorblend/Preview Content\"";
				DEVELOPMENT_TEAM = FAV732MUB5;
				ENABLE_PREVIEWS = NO;
				GENERATE_INFOPLIST_FILE = YES;
				INFOPLIST_FILE = colorblend/Info.plist;
				INFOPLIST_KEY_LSApplicationCategoryType = "public.app-category.lifestyle";
				INFOPLIST_KEY_NSCameraUsageDescription = colorblend;
				INFOPLIST_KEY_UIApplicationSceneManifest_Generation = YES;
				INFOPLIST_KEY_UIApplicationSupportsIndirectInputEvents = YES;
				INFOPLIST_KEY_UILaunchScreen_Generation = YES;
				INFOPLIST_KEY_UISupportedInterfaceOrientations = UIInterfaceOrientationPortrait;
				LD_RUNPATH_SEARCH_PATHS = (
					"$(inherited)",
					"@executable_path/Frameworks",
				);
				MARKETING_VERSION = 1.0;
				PRODUCT_BUNDLE_IDENTIFIER = hafidzismail.colorblend;
				PRODUCT_NAME = "$(TARGET_NAME)";
				SWIFT_EMIT_LOC_STRINGS = YES;
				SWIFT_VERSION = 5.0;
				TARGETED_DEVICE_FAMILY = 1;
			};
			name = Debug;
		};
		BD732E872A58022200C5C860 /* Release */ = {
			isa = XCBuildConfiguration;
			buildSettings = {
				ASSETCATALOG_COMPILER_APPICON_NAME = AppIcon;
				ASSETCATALOG_COMPILER_GLOBAL_ACCENT_COLOR_NAME = AccentColor;
				CODE_SIGN_STYLE = Automatic;
				CURRENT_PROJECT_VERSION = 1;
				DEVELOPMENT_ASSET_PATHS = "\"colorblend/Preview Content\"";
				DEVELOPMENT_TEAM = FAV732MUB5;
				ENABLE_PREVIEWS = NO;
				GENERATE_INFOPLIST_FILE = YES;
				INFOPLIST_FILE = colorblend/Info.plist;
				INFOPLIST_KEY_LSApplicationCategoryType = "public.app-category.lifestyle";
				INFOPLIST_KEY_NSCameraUsageDescription = colorblend;
				INFOPLIST_KEY_UIApplicationSceneManifest_Generation = YES;
				INFOPLIST_KEY_UIApplicationSupportsIndirectInputEvents = YES;
				INFOPLIST_KEY_UILaunchScreen_Generation = YES;
				INFOPLIST_KEY_UISupportedInterfaceOrientations = UIInterfaceOrientationPortrait;
				LD_RUNPATH_SEARCH_PATHS = (
					"$(inherited)",
					"@executable_path/Frameworks",
				);
				MARKETING_VERSION = 1.0;
				PRODUCT_BUNDLE_IDENTIFIER = hafidzismail.colorblend;
				PRODUCT_NAME = "$(TARGET_NAME)";
				SWIFT_EMIT_LOC_STRINGS = YES;
				SWIFT_VERSION = 5.0;
				TARGETED_DEVICE_FAMILY = 1;
			};
			name = Release;
		};
/* End XCBuildConfiguration section */

/* Begin XCConfigurationList section */
		BD732E722A58022100C5C860 /* Build configuration list for PBXProject "colorblend" */ = {
			isa = XCConfigurationList;
			buildConfigurations = (
				BD732E832A58022200C5C860 /* Debug */,
				BD732E842A58022200C5C860 /* Release */,
			);
			defaultConfigurationIsVisible = 0;
			defaultConfigurationName = Release;
		};
		BD732E852A58022200C5C860 /* Build configuration list for PBXNativeTarget "colorblend" */ = {
			isa = XCConfigurationList;
			buildConfigurations = (
				BD732E862A58022200C5C860 /* Debug */,
				BD732E872A58022200C5C860 /* Release */,
			);
			defaultConfigurationIsVisible = 0;
			defaultConfigurationName = Release;
		};
/* End XCConfigurationList section */
	};
	rootObject = BD732E6F2A58022100C5C860 /* Project object */;
}
